
Microsoft Visual Studio Solution File, Format Version 12.00
# Visual Studio Version 17
VisualStudioVersion = 17.5.33424.131
MinimumVisualStudioVersion = 10.0.40219.1
Project("{2150E333-8FDC-42A3-9474-1A3956D46DE8}") = "BlogApp", "BlogApp", "{A9ACEC33-4B3A-46C4-995D-FE62A8D1FAAD}"
EndProject
Project("{FAE04EC0-301F-11D3-BF4B-00C04F79EFBC}") = "Test2Prep", "BlogApp\Test2Prep\Test2Prep.csproj", "{9A560BC3-B4B0-47DD-925B-5C29B5805DA2}"
EndProject
Project("{FAE04EC0-301F-11D3-BF4B-00C04F79EFBC}") = "DataAccess", "BlogApp\DataAccess\DataAccess.csproj", "{137E7833-E472-4AE9-8C98-DC7959AEA940}"
EndProject
Project("{FAE04EC0-301F-11D3-BF4B-00C04F79EFBC}") = "BusinessLogic", "BlogApp\BusinessLogic\BusinessLogic.csproj", "{9DECF037-0BE3-4B67-A3D6-8576C3E0559B}"
EndProject
Project("{2150E333-8FDC-42A3-9474-1A3956D46DE8}") = "BigDataApp", "BigDataApp", "{C58F8D9D-57E2-4382-9345-22F5C3743BC6}"
EndProject
Project("{FAE04EC0-301F-11D3-BF4B-00C04F79EFBC}") = "BigDataUI", "BigDataApp\BigDataUI\BigDataUI.csproj", "{6DAD7D32-7AA2-4880-86F7-4793EB1BEB20}"
EndProject
Project("{FAE04EC0-301F-11D3-BF4B-00C04F79EFBC}") = "BusinessLogic", "BigDataApp\BusinessLogic\BusinessLogic.csproj", "{2E1C6FA9-9872-40EC-AD5C-FC265C631AD7}"
EndProject
Project("{FAE04EC0-301F-11D3-BF4B-00C04F79EFBC}") = "DataAccess", "BigDataApp\DataAccess\DataAccess.csproj", "{3768AB54-DB7B-415A-884F-D27C7E5DF41F}"
EndProject
Global
	GlobalSection(SolutionConfigurationPlatforms) = preSolution
		Debug|Any CPU = Debug|Any CPU
		Release|Any CPU = Release|Any CPU
	EndGlobalSection
	GlobalSection(ProjectConfigurationPlatforms) = postSolution
		{9A560BC3-B4B0-47DD-925B-5C29B5805DA2}.Debug|Any CPU.ActiveCfg = Debug|Any CPU
		{9A560BC3-B4B0-47DD-925B-5C29B5805DA2}.Debug|Any CPU.Build.0 = Debug|Any CPU
		{9A560BC3-B4B0-47DD-925B-5C29B5805DA2}.Release|Any CPU.ActiveCfg = Release|Any CPU
		{9A560BC3-B4B0-47DD-925B-5C29B5805DA2}.Release|Any CPU.Build.0 = Release|Any CPU
		{137E7833-E472-4AE9-8C98-DC7959AEA940}.Debug|Any CPU.ActiveCfg = Debug|Any CPU
		{137E7833-E472-4AE9-8C98-DC7959AEA940}.Debug|Any CPU.Build.0 = Debug|Any CPU
		{137E7833-E472-4AE9-8C98-DC7959AEA940}.Release|Any CPU.ActiveCfg = Release|Any CPU
		{137E7833-E472-4AE9-8C98-DC7959AEA940}.Release|Any CPU.Build.0 = Release|Any CPU
		{9DECF037-0BE3-4B67-A3D6-8576C3E0559B}.Debug|Any CPU.ActiveCfg = Debug|Any CPU
		{9DECF037-0BE3-4B67-A3D6-8576C3E0559B}.Debug|Any CPU.Build.0 = Debug|Any CPU
		{9DECF037-0BE3-4B67-A3D6-8576C3E0559B}.Release|Any CPU.ActiveCfg = Release|Any CPU
		{9DECF037-0BE3-4B67-A3D6-8576C3E0559B}.Release|Any CPU.Build.0 = Release|Any CPU
		{6DAD7D32-7AA2-4880-86F7-4793EB1BEB20}.Debug|Any CPU.ActiveCfg = Debug|Any CPU
		{6DAD7D32-7AA2-4880-86F7-4793EB1BEB20}.Debug|Any CPU.Build.0 = Debug|Any CPU
		{6DAD7D32-7AA2-4880-86F7-4793EB1BEB20}.Release|Any CPU.ActiveCfg = Release|Any CPU
		{6DAD7D32-7AA2-4880-86F7-4793EB1BEB20}.Release|Any CPU.Build.0 = Release|Any CPU
		{2E1C6FA9-9872-40EC-AD5C-FC265C631AD7}.Debug|Any CPU.ActiveCfg = Debug|Any CPU
		{2E1C6FA9-9872-40EC-AD5C-FC265C631AD7}.Debug|Any CPU.Build.0 = Debug|Any CPU
		{2E1C6FA9-9872-40EC-AD5C-FC265C631AD7}.Release|Any CPU.ActiveCfg = Release|Any CPU
		{2E1C6FA9-9872-40EC-AD5C-FC265C631AD7}.Release|Any CPU.Build.0 = Release|Any CPU
		{3768AB54-DB7B-415A-884F-D27C7E5DF41F}.Debug|Any CPU.ActiveCfg = Debug|Any CPU
		{3768AB54-DB7B-415A-884F-D27C7E5DF41F}.Debug|Any CPU.Build.0 = Debug|Any CPU
		{3768AB54-DB7B-415A-884F-D27C7E5DF41F}.Release|Any CPU.ActiveCfg = Release|Any CPU
		{3768AB54-DB7B-415A-884F-D27C7E5DF41F}.Release|Any CPU.Build.0 = Release|Any CPU
	EndGlobalSection
	GlobalSection(SolutionProperties) = preSolution
		HideSolutionNode = FALSE
	EndGlobalSection
	GlobalSection(NestedProjects) = preSolution
		{9A560BC3-B4B0-47DD-925B-5C29B5805DA2} = {A9ACEC33-4B3A-46C4-995D-FE62A8D1FAAD}
		{137E7833-E472-4AE9-8C98-DC7959AEA940} = {A9ACEC33-4B3A-46C4-995D-FE62A8D1FAAD}
		{9DECF037-0BE3-4B67-A3D6-8576C3E0559B} = {A9ACEC33-4B3A-46C4-995D-FE62A8D1FAAD}
		{6DAD7D32-7AA2-4880-86F7-4793EB1BEB20} = {C58F8D9D-57E2-4382-9345-22F5C3743BC6}
		{2E1C6FA9-9872-40EC-AD5C-FC265C631AD7} = {C58F8D9D-57E2-4382-9345-22F5C3743BC6}
		{3768AB54-DB7B-415A-884F-D27C7E5DF41F} = {C58F8D9D-57E2-4382-9345-22F5C3743BC6}
	EndGlobalSection
	GlobalSection(ExtensibilityGlobals) = postSolution
		SolutionGuid = {2AE23846-5059-4D64-83CE-B67D6577DD4D}
	EndGlobalSection
EndGlobal
